
Microsoft Visual Studio Solution File, Format Version 12.00
# Visual Studio Version 17
VisualStudioVersion = 17.5.002.0
MinimumVisualStudioVersion = 10.0.40219.1
Project("{2150E333-8FDC-42A3-9474-1A3956D46DE8}") = "4-Hook-Your-Source-Code-into-a-Container", "4-Hook-Your-Source-Code-into-a-Container", "{71B92E32-D5D6-4E6B-A87E-B6F091B42200}"
EndProject
Project("{9A19103F-16F7-4668-BE54-9A1E7A4F7556}") = "ASP.NETCoreDemos", "4-Hook-Your-Source-Code-into-a-Container\ASP.NETCoreDemos\ASP.NETCoreDemos.csproj", "{265AD18F-E8D5-4C16-AEFB-2C7EEF564BD6}"
EndProject
Project("{2150E333-8FDC-42A3-9474-1A3956D46DE8}") = "5-Building-Custom-Images-with-Dockerfile", "5-Building-Custom-Images-with-Dockerfile", "{90DA3524-1E85-455A-8C9E-C3791AFA9BE9}"
EndProject
Project("{9A19103F-16F7-4668-BE54-9A1E7A4F7556}") = "ASP.NETCoreDemos", "5-Building-Custom-Images-with-Dockerfile\ASP.NETCoreDemos\ASP.NETCoreDemos.csproj", "{FDEFA0D6-F29C-46C4-8213-D86CDF799318}"
EndProject
Global
	GlobalSection(SolutionConfigurationPlatforms) = preSolution
		Debug|Any CPU = Debug|Any CPU
		Release|Any CPU = Release|Any CPU
	EndGlobalSection
	GlobalSection(ProjectConfigurationPlatforms) = postSolution
		{265AD18F-E8D5-4C16-AEFB-2C7EEF564BD6}.Debug|Any CPU.ActiveCfg = Debug|Any CPU
		{265AD18F-E8D5-4C16-AEFB-2C7EEF564BD6}.Debug|Any CPU.Build.0 = Debug|Any CPU
		{265AD18F-E8D5-4C16-AEFB-2C7EEF564BD6}.Release|Any CPU.ActiveCfg = Release|Any CPU
		{265AD18F-E8D5-4C16-AEFB-2C7EEF564BD6}.Release|Any CPU.Build.0 = Release|Any CPU
		{FDEFA0D6-F29C-46C4-8213-D86CDF799318}.Debug|Any CPU.ActiveCfg = Debug|Any CPU
		{FDEFA0D6-F29C-46C4-8213-D86CDF799318}.Debug|Any CPU.Build.0 = Debug|Any CPU
		{FDEFA0D6-F29C-46C4-8213-D86CDF799318}.Release|Any CPU.ActiveCfg = Release|Any CPU
		{FDEFA0D6-F29C-46C4-8213-D86CDF799318}.Release|Any CPU.Build.0 = Release|Any CPU
	EndGlobalSection
	GlobalSection(SolutionProperties) = preSolution
		HideSolutionNode = FALSE
	EndGlobalSection
	GlobalSection(NestedProjects) = preSolution
		{265AD18F-E8D5-4C16-AEFB-2C7EEF564BD6} = {71B92E32-D5D6-4E6B-A87E-B6F091B42200}
		{FDEFA0D6-F29C-46C4-8213-D86CDF799318} = {90DA3524-1E85-455A-8C9E-C3791AFA9BE9}
	EndGlobalSection
	GlobalSection(ExtensibilityGlobals) = postSolution
		SolutionGuid = {12607844-65C2-4147-AF42-36009EBBCF18}
	EndGlobalSection
EndGlobal
